
Microsoft Visual Studio Solution File, Format Version 12.00
# Visual Studio Version 16
VisualStudioVersion = 16.0.31911.196
MinimumVisualStudioVersion = 10.0.40219.1
Project("{FAE04EC0-301F-11D3-BF4B-00C04F79EFBC}") = "Kinoteatr", "Kinoteatr\Kinoteatr.csproj", "{89187A0C-9C9F-42D3-9AD2-CED2B5A9B7FA}"
EndProject
Global
	GlobalSection(SolutionConfigurationPlatforms) = preSolution
		Debug|Any CPU = Debug|Any CPU
		Release|Any CPU = Release|Any CPU
	EndGlobalSection
	GlobalSection(ProjectConfigurationPlatforms) = postSolution
		{89187A0C-9C9F-42D3-9AD2-CED2B5A9B7FA}.Debug|Any CPU.ActiveCfg = Debug|Any CPU
		{89187A0C-9C9F-42D3-9AD2-CED2B5A9B7FA}.Debug|Any CPU.Build.0 = Debug|Any CPU
		{89187A0C-9C9F-42D3-9AD2-CED2B5A9B7FA}.Release|Any CPU.ActiveCfg = Release|Any CPU
		{89187A0C-9C9F-42D3-9AD2-CED2B5A9B7FA}.Release|Any CPU.Build.0 = Release|Any CPU
	EndGlobalSection
	GlobalSection(SolutionProperties) = preSolution
		HideSolutionNode = FALSE
	EndGlobalSection
	GlobalSection(ExtensibilityGlobals) = postSolution
		SolutionGuid = {600A09C2-23C0-4413-BA1F-DCDB887F3F29}
	EndGlobalSection
EndGlobal
